// !$*UTF8*$!
{
	archiveVersion = 1;
	classes = {
	};
	objectVersion = 46;
	objects = {

/* Begin PBXBuildFile section */
		CE3EFE511444D70900696C4D /* UIKit.framework in Frameworks */ = {isa = PBXBuildFile; fileRef = CE3EFE501444D70900696C4D /* UIKit.framework */; };
		CE3EFE531444D70900696C4D /* Foundation.framework in Frameworks */ = {isa = PBXBuildFile; fileRef = CE3EFE521444D70900696C4D /* Foundation.framework */; };
		CE3EFE551444D70900696C4D /* CoreGraphics.framework in Frameworks */ = {isa = PBXBuildFile; fileRef = CE3EFE541444D70900696C4D /* CoreGraphics.framework */; };
		CE3EFE571444D70900696C4D /* CoreData.framework in Frameworks */ = {isa = PBXBuildFile; fileRef = CE3EFE561444D70900696C4D /* CoreData.framework */; };
		CE3EFE5D1444D70900696C4D /* InfoPlist.strings in Resources */ = {isa = PBXBuildFile; fileRef = CE3EFE5B1444D70900696C4D /* InfoPlist.strings */; };
		CE3EFE5F1444D70900696C4D /* main.m in Sources */ = {isa = PBXBuildFile; fileRef = CE3EFE5E1444D70900696C4D /* main.m */; };
		CE3EFE631444D70900696C4D /* SBAppDelegate.m in Sources */ = {isa = PBXBuildFile; fileRef = CE3EFE621444D70900696C4D /* SBAppDelegate.m */; };
		CE3EFE661444D70900696C4D /* StoryBlocks.xcdatamodeld in Sources */ = {isa = PBXBuildFile; fileRef = CE3EFE641444D70900696C4D /* StoryBlocks.xcdatamodeld */; };
		CE3EFE7A1444D70B00696C4D /* SenTestingKit.framework in Frameworks */ = {isa = PBXBuildFile; fileRef = CE3EFE791444D70B00696C4D /* SenTestingKit.framework */; };
		CE3EFE7B1444D70B00696C4D /* UIKit.framework in Frameworks */ = {isa = PBXBuildFile; fileRef = CE3EFE501444D70900696C4D /* UIKit.framework */; };
		CE3EFE7C1444D70B00696C4D /* Foundation.framework in Frameworks */ = {isa = PBXBuildFile; fileRef = CE3EFE521444D70900696C4D /* Foundation.framework */; };
		CE3EFE7D1444D70B00696C4D /* CoreData.framework in Frameworks */ = {isa = PBXBuildFile; fileRef = CE3EFE561444D70900696C4D /* CoreData.framework */; };
		CE3EFE851444D70B00696C4D /* InfoPlist.strings in Resources */ = {isa = PBXBuildFile; fileRef = CE3EFE831444D70B00696C4D /* InfoPlist.strings */; };
		CE3EFE881444D70B00696C4D /* StoryBlocksTests.m in Sources */ = {isa = PBXBuildFile; fileRef = CE3EFE871444D70B00696C4D /* StoryBlocksTests.m */; };
		CE3EFE941444D74300696C4D /* LandingView.m in Sources */ = {isa = PBXBuildFile; fileRef = CE3EFE921444D74300696C4D /* LandingView.m */; };
		CE3EFE951444D74300696C4D /* LandingView.xib in Resources */ = {isa = PBXBuildFile; fileRef = CE3EFE931444D74300696C4D /* LandingView.xib */; };
		CE3EFE991444D77600696C4D /* StoryList.m in Sources */ = {isa = PBXBuildFile; fileRef = CE3EFE971444D77600696C4D /* StoryList.m */; };
		CE3EFE9A1444D77600696C4D /* StoryList.xib in Resources */ = {isa = PBXBuildFile; fileRef = CE3EFE981444D77600696C4D /* StoryList.xib */; };
		CE3EFE9E1444D97900696C4D /* StoryEditor.m in Sources */ = {isa = PBXBuildFile; fileRef = CE3EFE9C1444D97900696C4D /* StoryEditor.m */; };
		CE3EFE9F1444D97900696C4D /* StoryEditor.xib in Resources */ = {isa = PBXBuildFile; fileRef = CE3EFE9D1444D97900696C4D /* StoryEditor.xib */; };
		CEDB31981444FC6E00A16E39 /* Slideshow.m in Sources */ = {isa = PBXBuildFile; fileRef = CEDB31961444FC6D00A16E39 /* Slideshow.m */; };
		CEDB31991444FC6E00A16E39 /* Slideshow.xib in Resources */ = {isa = PBXBuildFile; fileRef = CEDB31971444FC6E00A16E39 /* Slideshow.xib */; };
		CEE9A3E61444DCE2002DB6E4 /* StoryImage.m in Sources */ = {isa = PBXBuildFile; fileRef = CEE9A3E51444DCE2002DB6E4 /* StoryImage.m */; };
		CEE9A3EA1444DCE3002DB6E4 /* Story.m in Sources */ = {isa = PBXBuildFile; fileRef = CEE9A3E91444DCE3002DB6E4 /* Story.m */; };
		CEE9A3F81444E4CB002DB6E4 /* libAQGridView.a in Frameworks */ = {isa = PBXBuildFile; fileRef = CEE9A3F31444E48E002DB6E4 /* libAQGridView.a */; };
		CEE9A4021444EA39002DB6E4 /* BW-kitten.jpg in Resources */ = {isa = PBXBuildFile; fileRef = CEE9A4011444EA39002DB6E4 /* BW-kitten.jpg */; };
		CEE9A4061444EB4E002DB6E4 /* QuartzCore.framework in Frameworks */ = {isa = PBXBuildFile; fileRef = CEE9A4051444EB4E002DB6E4 /* QuartzCore.framework */; };
		CEE9A4091444EDC2002DB6E4 /* ImageDemoFilledCell.m in Sources */ = {isa = PBXBuildFile; fileRef = CEE9A4081444EDC2002DB6E4 /* ImageDemoFilledCell.m */; };
		CEE9A43B1444F089002DB6E4 /* German Toilet.jpg in Resources */ = {isa = PBXBuildFile; fileRef = CEE9A4191444F089002DB6E4 /* German Toilet.jpg */; };
		CEE9A43C1444F089002DB6E4 /* Korean Toilet.jpg in Resources */ = {isa = PBXBuildFile; fileRef = CEE9A41A1444F089002DB6E4 /* Korean Toilet.jpg */; };
		CEE9A43D1444F089002DB6E4 /* Las Vegas toilet.jpg in Resources */ = {isa = PBXBuildFile; fileRef = CEE9A41B1444F089002DB6E4 /* Las Vegas toilet.jpg */; };
		CEE9A43E1444F089002DB6E4 /* London Toilet.jpg in Resources */ = {isa = PBXBuildFile; fileRef = CEE9A41C1444F089002DB6E4 /* London Toilet.jpg */; };
		CEE9A43F1444F089002DB6E4 /* car - bristol lad.jpg in Resources */ = {isa = PBXBuildFile; fileRef = CEE9A41E1444F089002DB6E4 /* car - bristol lad.jpg */; };
		CEE9A4401444F089002DB6E4 /* car1 - bristol lad.jpg in Resources */ = {isa = PBXBuildFile; fileRef = CEE9A41F1444F089002DB6E4 /* car1 - bristol lad.jpg */; };
		CEE9A4411444F089002DB6E4 /* exercise - qtschlepper.jpg in Resources */ = {isa = PBXBuildFile; fileRef = CEE9A4211444F089002DB6E4 /* exercise - qtschlepper.jpg */; };
		CEE9A4421444F089002DB6E4 /* exercise1 - qtschlepper.jpg in Resources */ = {isa = PBXBuildFile; fileRef = CEE9A4221444F089002DB6E4 /* exercise1 - qtschlepper.jpg */; };
		CEE9A4431444F089002DB6E4 /* theater - qtschlepper.jpg in Resources */ = {isa = PBXBuildFile; fileRef = CEE9A4241444F089002DB6E4 /* theater - qtschlepper.jpg */; };
		CEE9A4441444F089002DB6E4 /* theater1 - qtschlepper.jpg in Resources */ = {isa = PBXBuildFile; fileRef = CEE9A4251444F089002DB6E4 /* theater1 - qtschlepper.jpg */; };
		CEE9A4451444F089002DB6E4 /* baseball - qtschlepper.jpg in Resources */ = {isa = PBXBuildFile; fileRef = CEE9A4271444F089002DB6E4 /* baseball - qtschlepper.jpg */; };
		CEE9A4461444F089002DB6E4 /* remote - qtschlepper.jpg in Resources */ = {isa = PBXBuildFile; fileRef = CEE9A4281444F089002DB6E4 /* remote - qtschlepper.jpg */; };
		CEE9A4471444F089002DB6E4 /* playground - bagshot.jpg in Resources */ = {isa = PBXBuildFile; fileRef = CEE9A42B1444F089002DB6E4 /* playground - bagshot.jpg */; };
		CEE9A4481444F089002DB6E4 /* playground - BFS Man.jpg in Resources */ = {isa = PBXBuildFile; fileRef = CEE9A42C1444F089002DB6E4 /* playground - BFS Man.jpg */; };
		CEE9A4491444F089002DB6E4 /* playground - ell brown.jpg in Resources */ = {isa = PBXBuildFile; fileRef = CEE9A42D1444F089002DB6E4 /* playground - ell brown.jpg */; };
		CEE9A44A1444F089002DB6E4 /* playground - Fort Meade.jpg in Resources */ = {isa = PBXBuildFile; fileRef = CEE9A42E1444F089002DB6E4 /* playground - Fort Meade.jpg */; };
		CEE9A44B1444F089002DB6E4 /* playground1 - ell brown.jpg in Resources */ = {isa = PBXBuildFile; fileRef = CEE9A42F1444F089002DB6E4 /* playground1 - ell brown.jpg */; };
		CEE9A44C1444F089002DB6E4 /* playground1 - Fort Meade.jpg in Resources */ = {isa = PBXBuildFile; fileRef = CEE9A4301444F089002DB6E4 /* playground1 - Fort Meade.jpg */; };
		CEE9A44D1444F089002DB6E4 /* playground2 - ell brown.jpg in Resources */ = {isa = PBXBuildFile; fileRef = CEE9A4311444F089002DB6E4 /* playground2 - ell brown.jpg */; };
		CEE9A44E1444F089002DB6E4 /* playground3 - elle brown.jpg in Resources */ = {isa = PBXBuildFile; fileRef = CEE9A4321444F089002DB6E4 /* playground3 - elle brown.jpg */; };
		CEE9A44F1444F089002DB6E4 /* rr xing - waynes eye view.jpg in Resources */ = {isa = PBXBuildFile; fileRef = CEE9A4341444F089002DB6E4 /* rr xing - waynes eye view.jpg */; };
		CEE9A4501444F089002DB6E4 /* train - Candie_N.jpg in Resources */ = {isa = PBXBuildFile; fileRef = CEE9A4351444F089002DB6E4 /* train - Candie_N.jpg */; };
		CEE9A4511444F089002DB6E4 /* train - Scott_Calleja.jpg in Resources */ = {isa = PBXBuildFile; fileRef = CEE9A4361444F089002DB6E4 /* train - Scott_Calleja.jpg */; };
		CEE9A4521444F089002DB6E4 /* train - trams aux fils.jpg in Resources */ = {isa = PBXBuildFile; fileRef = CEE9A4371444F089002DB6E4 /* train - trams aux fils.jpg */; };
		CEE9A4531444F089002DB6E4 /* train - vitalyzator.jpg in Resources */ = {isa = PBXBuildFile; fileRef = CEE9A4381444F089002DB6E4 /* train - vitalyzator.jpg */; };
		CEE9A4541444F089002DB6E4 /* train1 - trams aux fils.jpg in Resources */ = {isa = PBXBuildFile; fileRef = CEE9A4391444F089002DB6E4 /* train1 - trams aux fils.jpg */; };
		CEE9A4551444F089002DB6E4 /* train2 - trams aux fils.jpg in Resources */ = {isa = PBXBuildFile; fileRef = CEE9A43A1444F089002DB6E4 /* train2 - trams aux fils.jpg */; };
/* End PBXBuildFile section */

/* Begin PBXContainerItemProxy section */
		CE3EFE7E1444D70B00696C4D /* PBXContainerItemProxy */ = {
			isa = PBXContainerItemProxy;
			containerPortal = CE3EFE431444D70900696C4D /* Project object */;
			proxyType = 1;
			remoteGlobalIDString = CE3EFE4B1444D70900696C4D;
			remoteInfo = StoryBlocks;
		};
		CEE9A3F21444E48E002DB6E4 /* PBXContainerItemProxy */ = {
			isa = PBXContainerItemProxy;
			containerPortal = CEE9A3EB1444E48E002DB6E4 /* AQGridView.xcodeproj */;
			proxyType = 2;
			remoteGlobalIDString = D2AAC07E0554694100DB518D;
			remoteInfo = AQGridView;
		};
		CEE9A4031444EAEA002DB6E4 /* PBXContainerItemProxy */ = {
			isa = PBXContainerItemProxy;
			containerPortal = CEE9A3EB1444E48E002DB6E4 /* AQGridView.xcodeproj */;
			proxyType = 1;
			remoteGlobalIDString = D2AAC07D0554694100DB518D;
			remoteInfo = AQGridView;
		};
/* End PBXContainerItemProxy section */

/* Begin PBXFileReference section */
		CE3EFE4C1444D70900696C4D /* StoryBlocks.app */ = {isa = PBXFileReference; explicitFileType = wrapper.application; includeInIndex = 0; path = StoryBlocks.app; sourceTree = BUILT_PRODUCTS_DIR; };
		CE3EFE501444D70900696C4D /* UIKit.framework */ = {isa = PBXFileReference; lastKnownFileType = wrapper.framework; name = UIKit.framework; path = System/Library/Frameworks/UIKit.framework; sourceTree = SDKROOT; };
		CE3EFE521444D70900696C4D /* Foundation.framework */ = {isa = PBXFileReference; lastKnownFileType = wrapper.framework; name = Foundation.framework; path = System/Library/Frameworks/Foundation.framework; sourceTree = SDKROOT; };
		CE3EFE541444D70900696C4D /* CoreGraphics.framework */ = {isa = PBXFileReference; lastKnownFileType = wrapper.framework; name = CoreGraphics.framework; path = System/Library/Frameworks/CoreGraphics.framework; sourceTree = SDKROOT; };
		CE3EFE561444D70900696C4D /* CoreData.framework */ = {isa = PBXFileReference; lastKnownFileType = wrapper.framework; name = CoreData.framework; path = System/Library/Frameworks/CoreData.framework; sourceTree = SDKROOT; };
		CE3EFE5A1444D70900696C4D /* StoryBlocks-Info.plist */ = {isa = PBXFileReference; lastKnownFileType = text.plist.xml; path = "StoryBlocks-Info.plist"; sourceTree = "<group>"; };
		CE3EFE5C1444D70900696C4D /* en */ = {isa = PBXFileReference; lastKnownFileType = text.plist.strings; name = en; path = en.lproj/InfoPlist.strings; sourceTree = "<group>"; };
		CE3EFE5E1444D70900696C4D /* main.m */ = {isa = PBXFileReference; lastKnownFileType = sourcecode.c.objc; path = main.m; sourceTree = "<group>"; };
		CE3EFE601444D70900696C4D /* StoryBlocks-Prefix.pch */ = {isa = PBXFileReference; lastKnownFileType = sourcecode.c.h; path = "StoryBlocks-Prefix.pch"; sourceTree = "<group>"; };
		CE3EFE611444D70900696C4D /* SBAppDelegate.h */ = {isa = PBXFileReference; lastKnownFileType = sourcecode.c.h; path = SBAppDelegate.h; sourceTree = "<group>"; };
		CE3EFE621444D70900696C4D /* SBAppDelegate.m */ = {isa = PBXFileReference; lastKnownFileType = sourcecode.c.objc; path = SBAppDelegate.m; sourceTree = "<group>"; };
		CE3EFE651444D70900696C4D /* StoryBlocks.xcdatamodel */ = {isa = PBXFileReference; lastKnownFileType = wrapper.xcdatamodel; path = StoryBlocks.xcdatamodel; sourceTree = "<group>"; };
		CE3EFE781444D70B00696C4D /* StoryBlocksTests.octest */ = {isa = PBXFileReference; explicitFileType = wrapper.cfbundle; includeInIndex = 0; path = StoryBlocksTests.octest; sourceTree = BUILT_PRODUCTS_DIR; };
		CE3EFE791444D70B00696C4D /* SenTestingKit.framework */ = {isa = PBXFileReference; lastKnownFileType = wrapper.framework; name = SenTestingKit.framework; path = Library/Frameworks/SenTestingKit.framework; sourceTree = DEVELOPER_DIR; };
		CE3EFE821444D70B00696C4D /* StoryBlocksTests-Info.plist */ = {isa = PBXFileReference; lastKnownFileType = text.plist.xml; path = "StoryBlocksTests-Info.plist"; sourceTree = "<group>"; };
		CE3EFE841444D70B00696C4D /* en */ = {isa = PBXFileReference; lastKnownFileType = text.plist.strings; name = en; path = en.lproj/InfoPlist.strings; sourceTree = "<group>"; };
		CE3EFE861444D70B00696C4D /* StoryBlocksTests.h */ = {isa = PBXFileReference; lastKnownFileType = sourcecode.c.h; path = StoryBlocksTests.h; sourceTree = "<group>"; };
		CE3EFE871444D70B00696C4D /* StoryBlocksTests.m */ = {isa = PBXFileReference; lastKnownFileType = sourcecode.c.objc; path = StoryBlocksTests.m; sourceTree = "<group>"; };
		CE3EFE911444D74300696C4D /* LandingView.h */ = {isa = PBXFileReference; fileEncoding = 4; lastKnownFileType = sourcecode.c.h; path = LandingView.h; sourceTree = "<group>"; };
		CE3EFE921444D74300696C4D /* LandingView.m */ = {isa = PBXFileReference; fileEncoding = 4; lastKnownFileType = sourcecode.c.objc; path = LandingView.m; sourceTree = "<group>"; };
		CE3EFE931444D74300696C4D /* LandingView.xib */ = {isa = PBXFileReference; fileEncoding = 4; lastKnownFileType = file.xib; path = LandingView.xib; sourceTree = "<group>"; };
		CE3EFE961444D77600696C4D /* StoryList.h */ = {isa = PBXFileReference; fileEncoding = 4; lastKnownFileType = sourcecode.c.h; path = StoryList.h; sourceTree = "<group>"; };
		CE3EFE971444D77600696C4D /* StoryList.m */ = {isa = PBXFileReference; fileEncoding = 4; lastKnownFileType = sourcecode.c.objc; path = StoryList.m; sourceTree = "<group>"; };
		CE3EFE981444D77600696C4D /* StoryList.xib */ = {isa = PBXFileReference; fileEncoding = 4; lastKnownFileType = file.xib; path = StoryList.xib; sourceTree = "<group>"; };
		CE3EFE9B1444D97800696C4D /* StoryEditor.h */ = {isa = PBXFileReference; fileEncoding = 4; lastKnownFileType = sourcecode.c.h; path = StoryEditor.h; sourceTree = "<group>"; };
		CE3EFE9C1444D97900696C4D /* StoryEditor.m */ = {isa = PBXFileReference; fileEncoding = 4; lastKnownFileType = sourcecode.c.objc; path = StoryEditor.m; sourceTree = "<group>"; };
		CE3EFE9D1444D97900696C4D /* StoryEditor.xib */ = {isa = PBXFileReference; fileEncoding = 4; lastKnownFileType = file.xib; path = StoryEditor.xib; sourceTree = "<group>"; };
		CEDB31951444FC6D00A16E39 /* Slideshow.h */ = {isa = PBXFileReference; fileEncoding = 4; lastKnownFileType = sourcecode.c.h; path = Slideshow.h; sourceTree = "<group>"; };
		CEDB31961444FC6D00A16E39 /* Slideshow.m */ = {isa = PBXFileReference; fileEncoding = 4; lastKnownFileType = sourcecode.c.objc; path = Slideshow.m; sourceTree = "<group>"; };
		CEDB31971444FC6E00A16E39 /* Slideshow.xib */ = {isa = PBXFileReference; fileEncoding = 4; lastKnownFileType = file.xib; path = Slideshow.xib; sourceTree = "<group>"; };
		CEE9A3E41444DCE2002DB6E4 /* StoryImage.h */ = {isa = PBXFileReference; fileEncoding = 4; lastKnownFileType = sourcecode.c.h; path = StoryImage.h; sourceTree = "<group>"; };
		CEE9A3E51444DCE2002DB6E4 /* StoryImage.m */ = {isa = PBXFileReference; fileEncoding = 4; lastKnownFileType = sourcecode.c.objc; path = StoryImage.m; sourceTree = "<group>"; };
		CEE9A3E81444DCE3002DB6E4 /* Story.h */ = {isa = PBXFileReference; fileEncoding = 4; lastKnownFileType = sourcecode.c.h; path = Story.h; sourceTree = "<group>"; };
		CEE9A3E91444DCE3002DB6E4 /* Story.m */ = {isa = PBXFileReference; fileEncoding = 4; lastKnownFileType = sourcecode.c.objc; path = Story.m; sourceTree = "<group>"; };
		CEE9A3EB1444E48E002DB6E4 /* AQGridView.xcodeproj */ = {isa = PBXFileReference; lastKnownFileType = "wrapper.pb-project"; name = AQGridView.xcodeproj; path = AQGridView/AQGridView.xcodeproj; sourceTree = "<group>"; };
		CEE9A4011444EA39002DB6E4 /* BW-kitten.jpg */ = {isa = PBXFileReference; lastKnownFileType = image.jpeg; path = "BW-kitten.jpg"; sourceTree = "<group>"; };
		CEE9A4051444EB4E002DB6E4 /* QuartzCore.framework */ = {isa = PBXFileReference; lastKnownFileType = wrapper.framework; name = QuartzCore.framework; path = System/Library/Frameworks/QuartzCore.framework; sourceTree = SDKROOT; };
		CEE9A4071444EDC2002DB6E4 /* ImageDemoFilledCell.h */ = {isa = PBXFileReference; fileEncoding = 4; lastKnownFileType = sourcecode.c.h; name = ImageDemoFilledCell.h; path = AQGridView/Examples/ImageDemo/Classes/ImageDemoFilledCell.h; sourceTree = SOURCE_ROOT; };
		CEE9A4081444EDC2002DB6E4 /* ImageDemoFilledCell.m */ = {isa = PBXFileReference; fileEncoding = 4; lastKnownFileType = sourcecode.c.objc; name = ImageDemoFilledCell.m; path = AQGridView/Examples/ImageDemo/Classes/ImageDemoFilledCell.m; sourceTree = SOURCE_ROOT; };
		CEE9A4191444F089002DB6E4 /* German Toilet.jpg */ = {isa = PBXFileReference; lastKnownFileType = image.jpeg; path = "German Toilet.jpg"; sourceTree = "<group>"; };
		CEE9A41A1444F089002DB6E4 /* Korean Toilet.jpg */ = {isa = PBXFileReference; lastKnownFileType = image.jpeg; path = "Korean Toilet.jpg"; sourceTree = "<group>"; };
		CEE9A41B1444F089002DB6E4 /* Las Vegas toilet.jpg */ = {isa = PBXFileReference; lastKnownFileType = image.jpeg; path = "Las Vegas toilet.jpg"; sourceTree = "<group>"; };
		CEE9A41C1444F089002DB6E4 /* London Toilet.jpg */ = {isa = PBXFileReference; lastKnownFileType = image.jpeg; path = "London Toilet.jpg"; sourceTree = "<group>"; };
		CEE9A41E1444F089002DB6E4 /* car - bristol lad.jpg */ = {isa = PBXFileReference; lastKnownFileType = image.jpeg; path = "car - bristol lad.jpg"; sourceTree = "<group>"; };
		CEE9A41F1444F089002DB6E4 /* car1 - bristol lad.jpg */ = {isa = PBXFileReference; lastKnownFileType = image.jpeg; path = "car1 - bristol lad.jpg"; sourceTree = "<group>"; };
		CEE9A4211444F089002DB6E4 /* exercise - qtschlepper.jpg */ = {isa = PBXFileReference; lastKnownFileType = image.jpeg; path = "exercise - qtschlepper.jpg"; sourceTree = "<group>"; };
		CEE9A4221444F089002DB6E4 /* exercise1 - qtschlepper.jpg */ = {isa = PBXFileReference; lastKnownFileType = image.jpeg; path = "exercise1 - qtschlepper.jpg"; sourceTree = "<group>"; };
		CEE9A4241444F089002DB6E4 /* theater - qtschlepper.jpg */ = {isa = PBXFileReference; lastKnownFileType = image.jpeg; path = "theater - qtschlepper.jpg"; sourceTree = "<group>"; };
		CEE9A4251444F089002DB6E4 /* theater1 - qtschlepper.jpg */ = {isa = PBXFileReference; lastKnownFileType = image.jpeg; path = "theater1 - qtschlepper.jpg"; sourceTree = "<group>"; };
		CEE9A4271444F089002DB6E4 /* baseball - qtschlepper.jpg */ = {isa = PBXFileReference; lastKnownFileType = image.jpeg; path = "baseball - qtschlepper.jpg"; sourceTree = "<group>"; };
		CEE9A4281444F089002DB6E4 /* remote - qtschlepper.jpg */ = {isa = PBXFileReference; lastKnownFileType = image.jpeg; path = "remote - qtschlepper.jpg"; sourceTree = "<group>"; };
		CEE9A42B1444F089002DB6E4 /* playground - bagshot.jpg */ = {isa = PBXFileReference; lastKnownFileType = image.jpeg; path = "playground - bagshot.jpg"; sourceTree = "<group>"; };
		CEE9A42C1444F089002DB6E4 /* playground - BFS Man.jpg */ = {isa = PBXFileReference; lastKnownFileType = image.jpeg; path = "playground - BFS Man.jpg"; sourceTree = "<group>"; };
		CEE9A42D1444F089002DB6E4 /* playground - ell brown.jpg */ = {isa = PBXFileReference; lastKnownFileType = image.jpeg; path = "playground - ell brown.jpg"; sourceTree = "<group>"; };
		CEE9A42E1444F089002DB6E4 /* playground - Fort Meade.jpg */ = {isa = PBXFileReference; lastKnownFileType = image.jpeg; path = "playground - Fort Meade.jpg"; sourceTree = "<group>"; };
		CEE9A42F1444F089002DB6E4 /* playground1 - ell brown.jpg */ = {isa = PBXFileReference; lastKnownFileType = image.jpeg; path = "playground1 - ell brown.jpg"; sourceTree = "<group>"; };
		CEE9A4301444F089002DB6E4 /* playground1 - Fort Meade.jpg */ = {isa = PBXFileReference; lastKnownFileType = image.jpeg; path = "playground1 - Fort Meade.jpg"; sourceTree = "<group>"; };
		CEE9A4311444F089002DB6E4 /* playground2 - ell brown.jpg */ = {isa = PBXFileReference; lastKnownFileType = image.jpeg; path = "playground2 - ell brown.jpg"; sourceTree = "<group>"; };
		CEE9A4321444F089002DB6E4 /* playground3 - elle brown.jpg */ = {isa = PBXFileReference; lastKnownFileType = image.jpeg; path = "playground3 - elle brown.jpg"; sourceTree = "<group>"; };
		CEE9A4341444F089002DB6E4 /* rr xing - waynes eye view.jpg */ = {isa = PBXFileReference; lastKnownFileType = image.jpeg; path = "rr xing - waynes eye view.jpg"; sourceTree = "<group>"; };
		CEE9A4351444F089002DB6E4 /* train - Candie_N.jpg */ = {isa = PBXFileReference; lastKnownFileType = image.jpeg; path = "train - Candie_N.jpg"; sourceTree = "<group>"; };
		CEE9A4361444F089002DB6E4 /* train - Scott_Calleja.jpg */ = {isa = PBXFileReference; lastKnownFileType = image.jpeg; path = "train - Scott_Calleja.jpg"; sourceTree = "<group>"; };
		CEE9A4371444F089002DB6E4 /* train - trams aux fils.jpg */ = {isa = PBXFileReference; lastKnownFileType = image.jpeg; path = "train - trams aux fils.jpg"; sourceTree = "<group>"; };
		CEE9A4381444F089002DB6E4 /* train - vitalyzator.jpg */ = {isa = PBXFileReference; lastKnownFileType = image.jpeg; path = "train - vitalyzator.jpg"; sourceTree = "<group>"; };
		CEE9A4391444F089002DB6E4 /* train1 - trams aux fils.jpg */ = {isa = PBXFileReference; lastKnownFileType = image.jpeg; path = "train1 - trams aux fils.jpg"; sourceTree = "<group>"; };
		CEE9A43A1444F089002DB6E4 /* train2 - trams aux fils.jpg */ = {isa = PBXFileReference; lastKnownFileType = image.jpeg; path = "train2 - trams aux fils.jpg"; sourceTree = "<group>"; };
/* End PBXFileReference section */

/* Begin PBXFrameworksBuildPhase section */
		CE3EFE491444D70900696C4D /* Frameworks */ = {
			isa = PBXFrameworksBuildPhase;
			buildActionMask = 2147483647;
			files = (
				CEE9A4061444EB4E002DB6E4 /* QuartzCore.framework in Frameworks */,
				CE3EFE551444D70900696C4D /* CoreGraphics.framework in Frameworks */,
				CEE9A3F81444E4CB002DB6E4 /* libAQGridView.a in Frameworks */,
				CE3EFE511444D70900696C4D /* UIKit.framework in Frameworks */,
				CE3EFE531444D70900696C4D /* Foundation.framework in Frameworks */,
				CE3EFE571444D70900696C4D /* CoreData.framework in Frameworks */,
			);
			runOnlyForDeploymentPostprocessing = 0;
		};
		CE3EFE741444D70B00696C4D /* Frameworks */ = {
			isa = PBXFrameworksBuildPhase;
			buildActionMask = 2147483647;
			files = (
				CE3EFE7A1444D70B00696C4D /* SenTestingKit.framework in Frameworks */,
				CE3EFE7B1444D70B00696C4D /* UIKit.framework in Frameworks */,
				CE3EFE7C1444D70B00696C4D /* Foundation.framework in Frameworks */,
				CE3EFE7D1444D70B00696C4D /* CoreData.framework in Frameworks */,
			);
			runOnlyForDeploymentPostprocessing = 0;
		};
/* End PBXFrameworksBuildPhase section */

/* Begin PBXGroup section */
		CE3EFE411444D70900696C4D = {
			isa = PBXGroup;
			children = (
				CEE9A4051444EB4E002DB6E4 /* QuartzCore.framework */,
				CE3EFE581444D70900696C4D /* StoryBlocks */,
				CE3EFE801444D70B00696C4D /* StoryBlocksTests */,
				CE3EFE4F1444D70900696C4D /* Frameworks */,
				CE3EFE4D1444D70900696C4D /* Products */,
			);
			sourceTree = "<group>";
		};
		CE3EFE4D1444D70900696C4D /* Products */ = {
			isa = PBXGroup;
			children = (
				CE3EFE4C1444D70900696C4D /* StoryBlocks.app */,
				CE3EFE781444D70B00696C4D /* StoryBlocksTests.octest */,
			);
			name = Products;
			sourceTree = "<group>";
		};
		CE3EFE4F1444D70900696C4D /* Frameworks */ = {
			isa = PBXGroup;
			children = (
				CEE9A3EB1444E48E002DB6E4 /* AQGridView.xcodeproj */,
				CE3EFE501444D70900696C4D /* UIKit.framework */,
				CE3EFE521444D70900696C4D /* Foundation.framework */,
				CE3EFE541444D70900696C4D /* CoreGraphics.framework */,
				CE3EFE561444D70900696C4D /* CoreData.framework */,
				CE3EFE791444D70B00696C4D /* SenTestingKit.framework */,
			);
			name = Frameworks;
			sourceTree = "<group>";
		};
		CE3EFE581444D70900696C4D /* StoryBlocks */ = {
			isa = PBXGroup;
			children = (
				CEE9A4071444EDC2002DB6E4 /* ImageDemoFilledCell.h */,
				CEE9A4081444EDC2002DB6E4 /* ImageDemoFilledCell.m */,
				CE3EFE911444D74300696C4D /* LandingView.h */,
				CE3EFE921444D74300696C4D /* LandingView.m */,
				CE3EFE931444D74300696C4D /* LandingView.xib */,
				CE3EFE961444D77600696C4D /* StoryList.h */,
				CE3EFE971444D77600696C4D /* StoryList.m */,
				CE3EFE981444D77600696C4D /* StoryList.xib */,
				CE3EFE9B1444D97800696C4D /* StoryEditor.h */,
				CE3EFE9C1444D97900696C4D /* StoryEditor.m */,
				CE3EFE9D1444D97900696C4D /* StoryEditor.xib */,
				CE3EFE611444D70900696C4D /* SBAppDelegate.h */,
				CE3EFE621444D70900696C4D /* SBAppDelegate.m */,
				CE3EFE641444D70900696C4D /* StoryBlocks.xcdatamodeld */,
				CEE9A3E81444DCE3002DB6E4 /* Story.h */,
				CEE9A3E91444DCE3002DB6E4 /* Story.m */,
				CEE9A3E41444DCE2002DB6E4 /* StoryImage.h */,
				CEE9A3E51444DCE2002DB6E4 /* StoryImage.m */,
				CE3EFE591444D70900696C4D /* Supporting Files */,
				CEDB31951444FC6D00A16E39 /* Slideshow.h */,
				CEDB31961444FC6D00A16E39 /* Slideshow.m */,
				CEDB31971444FC6E00A16E39 /* Slideshow.xib */,
			);
			path = StoryBlocks;
			sourceTree = "<group>";
		};
		CE3EFE591444D70900696C4D /* Supporting Files */ = {
			isa = PBXGroup;
			children = (
				CEE9A4161444F088002DB6E4 /* Images */,
				CEE9A4011444EA39002DB6E4 /* BW-kitten.jpg */,
				CE3EFE5A1444D70900696C4D /* StoryBlocks-Info.plist */,
				CE3EFE5B1444D70900696C4D /* InfoPlist.strings */,
				CE3EFE5E1444D70900696C4D /* main.m */,
				CE3EFE601444D70900696C4D /* StoryBlocks-Prefix.pch */,
			);
			name = "Supporting Files";
			sourceTree = "<group>";
		};
		CE3EFE801444D70B00696C4D /* StoryBlocksTests */ = {
			isa = PBXGroup;
			children = (
				CE3EFE861444D70B00696C4D /* StoryBlocksTests.h */,
				CE3EFE871444D70B00696C4D /* StoryBlocksTests.m */,
				CE3EFE811444D70B00696C4D /* Supporting Files */,
			);
			path = StoryBlocksTests;
			sourceTree = "<group>";
		};
		CE3EFE811444D70B00696C4D /* Supporting Files */ = {
			isa = PBXGroup;
			children = (
				CE3EFE821444D70B00696C4D /* StoryBlocksTests-Info.plist */,
				CE3EFE831444D70B00696C4D /* InfoPlist.strings */,
			);
			name = "Supporting Files";
			sourceTree = "<group>";
		};
		CEE9A3EC1444E48E002DB6E4 /* Products */ = {
			isa = PBXGroup;
			children = (
				CEE9A3F31444E48E002DB6E4 /* libAQGridView.a */,
			);
			name = Products;
			sourceTree = "<group>";
		};
		CEE9A4161444F088002DB6E4 /* Images */ = {
			isa = PBXGroup;
			children = (
				CEE9A4171444F089002DB6E4 /* Objects and Events */,
			);
			path = Images;
			sourceTree = "<group>";
		};
		CEE9A4171444F089002DB6E4 /* Objects and Events */ = {
			isa = PBXGroup;
			children = (
				CEE9A4181444F089002DB6E4 /* bathrooms - qtschlepper */,
				CEE9A41D1444F089002DB6E4 /* car */,
				CEE9A4201444F089002DB6E4 /* exercise */,
				CEE9A4231444F089002DB6E4 /* movie theater */,
				CEE9A4261444F089002DB6E4 /* objects */,
				CEE9A4291444F089002DB6E4 /* parties */,
				CEE9A42A1444F089002DB6E4 /* Playground */,
				CEE9A4331444F089002DB6E4 /* train */,
			);
			path = "Objects and Events";
			sourceTree = "<group>";
		};
		CEE9A4181444F089002DB6E4 /* bathrooms - qtschlepper */ = {
			isa = PBXGroup;
			children = (
				CEE9A4191444F089002DB6E4 /* German Toilet.jpg */,
				CEE9A41A1444F089002DB6E4 /* Korean Toilet.jpg */,
				CEE9A41B1444F089002DB6E4 /* Las Vegas toilet.jpg */,
				CEE9A41C1444F089002DB6E4 /* London Toilet.jpg */,
			);
			path = "bathrooms - qtschlepper";
			sourceTree = "<group>";
		};
		CEE9A41D1444F089002DB6E4 /* car */ = {
			isa = PBXGroup;
			children = (
				CEE9A41E1444F089002DB6E4 /* car - bristol lad.jpg */,
				CEE9A41F1444F089002DB6E4 /* car1 - bristol lad.jpg */,
			);
			path = car;
			sourceTree = "<group>";
		};
		CEE9A4201444F089002DB6E4 /* exercise */ = {
			isa = PBXGroup;
			children = (
				CEE9A4211444F089002DB6E4 /* exercise - qtschlepper.jpg */,
				CEE9A4221444F089002DB6E4 /* exercise1 - qtschlepper.jpg */,
			);
			path = exercise;
			sourceTree = "<group>";
		};
		CEE9A4231444F089002DB6E4 /* movie theater */ = {
			isa = PBXGroup;
			children = (
				CEE9A4241444F089002DB6E4 /* theater - qtschlepper.jpg */,
				CEE9A4251444F089002DB6E4 /* theater1 - qtschlepper.jpg */,
			);
			path = "movie theater";
			sourceTree = "<group>";
		};
		CEE9A4261444F089002DB6E4 /* objects */ = {
			isa = PBXGroup;
			children = (
				CEE9A4271444F089002DB6E4 /* baseball - qtschlepper.jpg */,
				CEE9A4281444F089002DB6E4 /* remote - qtschlepper.jpg */,
			);
			path = objects;
			sourceTree = "<group>";
		};
		CEE9A4291444F089002DB6E4 /* parties */ = {
			isa = PBXGroup;
			children = (
			);
			path = parties;
			sourceTree = "<group>";
		};
		CEE9A42A1444F089002DB6E4 /* Playground */ = {
			isa = PBXGroup;
			children = (
				CEE9A42B1444F089002DB6E4 /* playground - bagshot.jpg */,
				CEE9A42C1444F089002DB6E4 /* playground - BFS Man.jpg */,
				CEE9A42D1444F089002DB6E4 /* playground - ell brown.jpg */,
				CEE9A42E1444F089002DB6E4 /* playground - Fort Meade.jpg */,
				CEE9A42F1444F089002DB6E4 /* playground1 - ell brown.jpg */,
				CEE9A4301444F089002DB6E4 /* playground1 - Fort Meade.jpg */,
				CEE9A4311444F089002DB6E4 /* playground2 - ell brown.jpg */,
				CEE9A4321444F089002DB6E4 /* playground3 - elle brown.jpg */,
			);
			path = Playground;
			sourceTree = "<group>";
		};
		CEE9A4331444F089002DB6E4 /* train */ = {
			isa = PBXGroup;
			children = (
				CEE9A4341444F089002DB6E4 /* rr xing - waynes eye view.jpg */,
				CEE9A4351444F089002DB6E4 /* train - Candie_N.jpg */,
				CEE9A4361444F089002DB6E4 /* train - Scott_Calleja.jpg */,
				CEE9A4371444F089002DB6E4 /* train - trams aux fils.jpg */,
				CEE9A4381444F089002DB6E4 /* train - vitalyzator.jpg */,
				CEE9A4391444F089002DB6E4 /* train1 - trams aux fils.jpg */,
				CEE9A43A1444F089002DB6E4 /* train2 - trams aux fils.jpg */,
			);
			path = train;
			sourceTree = "<group>";
		};
/* End PBXGroup section */

/* Begin PBXNativeTarget section */
		CE3EFE4B1444D70900696C4D /* StoryBlocks */ = {
			isa = PBXNativeTarget;
			buildConfigurationList = CE3EFE8B1444D70B00696C4D /* Build configuration list for PBXNativeTarget "StoryBlocks" */;
			buildPhases = (
				CE3EFE481444D70900696C4D /* Sources */,
				CE3EFE491444D70900696C4D /* Frameworks */,
				CE3EFE4A1444D70900696C4D /* Resources */,
			);
			buildRules = (
			);
			dependencies = (
				CEE9A4041444EAEA002DB6E4 /* PBXTargetDependency */,
			);
			name = StoryBlocks;
			productName = StoryBlocks;
			productReference = CE3EFE4C1444D70900696C4D /* StoryBlocks.app */;
			productType = "com.apple.product-type.application";
		};
		CE3EFE771444D70B00696C4D /* StoryBlocksTests */ = {
			isa = PBXNativeTarget;
			buildConfigurationList = CE3EFE8E1444D70B00696C4D /* Build configuration list for PBXNativeTarget "StoryBlocksTests" */;
			buildPhases = (
				CE3EFE731444D70B00696C4D /* Sources */,
				CE3EFE741444D70B00696C4D /* Frameworks */,
				CE3EFE751444D70B00696C4D /* Resources */,
				CE3EFE761444D70B00696C4D /* ShellScript */,
			);
			buildRules = (
			);
			dependencies = (
				CE3EFE7F1444D70B00696C4D /* PBXTargetDependency */,
			);
			name = StoryBlocksTests;
			productName = StoryBlocksTests;
			productReference = CE3EFE781444D70B00696C4D /* StoryBlocksTests.octest */;
			productType = "com.apple.product-type.bundle";
		};
/* End PBXNativeTarget section */

/* Begin PBXProject section */
		CE3EFE431444D70900696C4D /* Project object */ = {
			isa = PBXProject;
			attributes = {
				LastUpgradeCheck = 0420;
			};
			buildConfigurationList = CE3EFE461444D70900696C4D /* Build configuration list for PBXProject "StoryBlocks" */;
			compatibilityVersion = "Xcode 3.2";
			developmentRegion = English;
			hasScannedForEncodings = 0;
			knownRegions = (
				en,
			);
			mainGroup = CE3EFE411444D70900696C4D;
			productRefGroup = CE3EFE4D1444D70900696C4D /* Products */;
			projectDirPath = "";
			projectReferences = (
				{
					ProductGroup = CEE9A3EC1444E48E002DB6E4 /* Products */;
					ProjectRef = CEE9A3EB1444E48E002DB6E4 /* AQGridView.xcodeproj */;
				},
			);
			projectRoot = "";
			targets = (
				CE3EFE4B1444D70900696C4D /* StoryBlocks */,
				CE3EFE771444D70B00696C4D /* StoryBlocksTests */,
			);
		};
/* End PBXProject section */

/* Begin PBXReferenceProxy section */
		CEE9A3F31444E48E002DB6E4 /* libAQGridView.a */ = {
			isa = PBXReferenceProxy;
			fileType = archive.ar;
			path = libAQGridView.a;
			remoteRef = CEE9A3F21444E48E002DB6E4 /* PBXContainerItemProxy */;
			sourceTree = BUILT_PRODUCTS_DIR;
		};
/* End PBXReferenceProxy section */

/* Begin PBXResourcesBuildPhase section */
		CE3EFE4A1444D70900696C4D /* Resources */ = {
			isa = PBXResourcesBuildPhase;
			buildActionMask = 2147483647;
			files = (
				CE3EFE5D1444D70900696C4D /* InfoPlist.strings in Resources */,
				CE3EFE951444D74300696C4D /* LandingView.xib in Resources */,
				CE3EFE9A1444D77600696C4D /* StoryList.xib in Resources */,
				CE3EFE9F1444D97900696C4D /* StoryEditor.xib in Resources */,
				CEE9A4021444EA39002DB6E4 /* BW-kitten.jpg in Resources */,
				CEE9A43B1444F089002DB6E4 /* German Toilet.jpg in Resources */,
				CEE9A43C1444F089002DB6E4 /* Korean Toilet.jpg in Resources */,
				CEE9A43D1444F089002DB6E4 /* Las Vegas toilet.jpg in Resources */,
				CEE9A43E1444F089002DB6E4 /* London Toilet.jpg in Resources */,
				CEE9A43F1444F089002DB6E4 /* car - bristol lad.jpg in Resources */,
				CEE9A4401444F089002DB6E4 /* car1 - bristol lad.jpg in Resources */,
				CEE9A4411444F089002DB6E4 /* exercise - qtschlepper.jpg in Resources */,
				CEE9A4421444F089002DB6E4 /* exercise1 - qtschlepper.jpg in Resources */,
				CEE9A4431444F089002DB6E4 /* theater - qtschlepper.jpg in Resources */,
				CEE9A4441444F089002DB6E4 /* theater1 - qtschlepper.jpg in Resources */,
				CEE9A4451444F089002DB6E4 /* baseball - qtschlepper.jpg in Resources */,
				CEE9A4461444F089002DB6E4 /* remote - qtschlepper.jpg in Resources */,
				CEE9A4471444F089002DB6E4 /* playground - bagshot.jpg in Resources */,
				CEE9A4481444F089002DB6E4 /* playground - BFS Man.jpg in Resources */,
				CEE9A4491444F089002DB6E4 /* playground - ell brown.jpg in Resources */,
				CEE9A44A1444F089002DB6E4 /* playground - Fort Meade.jpg in Resources */,
				CEE9A44B1444F089002DB6E4 /* playground1 - ell brown.jpg in Resources */,
				CEE9A44C1444F089002DB6E4 /* playground1 - Fort Meade.jpg in Resources */,
				CEE9A44D1444F089002DB6E4 /* playground2 - ell brown.jpg in Resources */,
				CEE9A44E1444F089002DB6E4 /* playground3 - elle brown.jpg in Resources */,
				CEE9A44F1444F089002DB6E4 /* rr xing - waynes eye view.jpg in Resources */,
				CEE9A4501444F089002DB6E4 /* train - Candie_N.jpg in Resources */,
				CEE9A4511444F089002DB6E4 /* train - Scott_Calleja.jpg in Resources */,
				CEE9A4521444F089002DB6E4 /* train - trams aux fils.jpg in Resources */,
				CEE9A4531444F089002DB6E4 /* train - vitalyzator.jpg in Resources */,
				CEE9A4541444F089002DB6E4 /* train1 - trams aux fils.jpg in Resources */,
				CEE9A4551444F089002DB6E4 /* train2 - trams aux fils.jpg in Resources */,
				CEDB31991444FC6E00A16E39 /* Slideshow.xib in Resources */,
			);
			runOnlyForDeploymentPostprocessing = 0;
		};
		CE3EFE751444D70B00696C4D /* Resources */ = {
			isa = PBXResourcesBuildPhase;
			buildActionMask = 2147483647;
			files = (
				CE3EFE851444D70B00696C4D /* InfoPlist.strings in Resources */,
			);
			runOnlyForDeploymentPostprocessing = 0;
		};
/* End PBXResourcesBuildPhase section */

/* Begin PBXShellScriptBuildPhase section */
		CE3EFE761444D70B00696C4D /* ShellScript */ = {
			isa = PBXShellScriptBuildPhase;
			buildActionMask = 2147483647;
			files = (
			);
			inputPaths = (
			);
			outputPaths = (
			);
			runOnlyForDeploymentPostprocessing = 0;
			shellPath = /bin/sh;
			shellScript = "# Run the unit tests in this test bundle.\n\"${SYSTEM_DEVELOPER_DIR}/Tools/RunUnitTests\"\n";
		};
/* End PBXShellScriptBuildPhase section */

/* Begin PBXSourcesBuildPhase section */
		CE3EFE481444D70900696C4D /* Sources */ = {
			isa = PBXSourcesBuildPhase;
			buildActionMask = 2147483647;
			files = (
				CE3EFE5F1444D70900696C4D /* main.m in Sources */,
				CE3EFE631444D70900696C4D /* SBAppDelegate.m in Sources */,
				CE3EFE661444D70900696C4D /* StoryBlocks.xcdatamodeld in Sources */,
				CE3EFE941444D74300696C4D /* LandingView.m in Sources */,
				CE3EFE991444D77600696C4D /* StoryList.m in Sources */,
				CE3EFE9E1444D97900696C4D /* StoryEditor.m in Sources */,
				CEE9A3E61444DCE2002DB6E4 /* StoryImage.m in Sources */,
				CEE9A3EA1444DCE3002DB6E4 /* Story.m in Sources */,
				CEE9A4091444EDC2002DB6E4 /* ImageDemoFilledCell.m in Sources */,
				CEDB31981444FC6E00A16E39 /* Slideshow.m in Sources */,
			);
			runOnlyForDeploymentPostprocessing = 0;
		};
		CE3EFE731444D70B00696C4D /* Sources */ = {
			isa = PBXSourcesBuildPhase;
			buildActionMask = 2147483647;
			files = (
				CE3EFE881444D70B00696C4D /* StoryBlocksTests.m in Sources */,
			);
			runOnlyForDeploymentPostprocessing = 0;
		};
/* End PBXSourcesBuildPhase section */

/* Begin PBXTargetDependency section */
		CE3EFE7F1444D70B00696C4D /* PBXTargetDependency */ = {
			isa = PBXTargetDependency;
			target = CE3EFE4B1444D70900696C4D /* StoryBlocks */;
			targetProxy = CE3EFE7E1444D70B00696C4D /* PBXContainerItemProxy */;
		};
		CEE9A4041444EAEA002DB6E4 /* PBXTargetDependency */ = {
			isa = PBXTargetDependency;
			name = AQGridView;
			targetProxy = CEE9A4031444EAEA002DB6E4 /* PBXContainerItemProxy */;
		};
/* End PBXTargetDependency section */

/* Begin PBXVariantGroup section */
		CE3EFE5B1444D70900696C4D /* InfoPlist.strings */ = {
			isa = PBXVariantGroup;
			children = (
				CE3EFE5C1444D70900696C4D /* en */,
			);
			name = InfoPlist.strings;
			sourceTree = "<group>";
		};
		CE3EFE831444D70B00696C4D /* InfoPlist.strings */ = {
			isa = PBXVariantGroup;
			children = (
				CE3EFE841444D70B00696C4D /* en */,
			);
			name = InfoPlist.strings;
			sourceTree = "<group>";
		};
/* End PBXVariantGroup section */

/* Begin XCBuildConfiguration section */
		CE3EFE891444D70B00696C4D /* Debug */ = {
			isa = XCBuildConfiguration;
			buildSettings = {
				ALWAYS_SEARCH_USER_PATHS = NO;
				ARCHS = "$(ARCHS_STANDARD_32_BIT)";
				"CODE_SIGN_IDENTITY[sdk=iphoneos*]" = "iPhone Developer";
				COPY_PHASE_STRIP = NO;
				GCC_C_LANGUAGE_STANDARD = gnu99;
				GCC_DYNAMIC_NO_PIC = NO;
				GCC_OPTIMIZATION_LEVEL = 0;
				GCC_PREPROCESSOR_DEFINITIONS = (
					"DEBUG=1",
					"$(inherited)",
				);
				GCC_SYMBOLS_PRIVATE_EXTERN = NO;
				GCC_VERSION = com.apple.compilers.llvm.clang.1_0;
				GCC_WARN_ABOUT_MISSING_PROTOTYPES = YES;
				GCC_WARN_ABOUT_RETURN_TYPE = YES;
				GCC_WARN_UNUSED_VARIABLE = YES;
				IPHONEOS_DEPLOYMENT_TARGET = 5.0;
				SDKROOT = iphoneos;
				TARGETED_DEVICE_FAMILY = 2;
			};
			name = Debug;
		};
		CE3EFE8A1444D70B00696C4D /* Release */ = {
			isa = XCBuildConfiguration;
			buildSettings = {
				ALWAYS_SEARCH_USER_PATHS = NO;
				ARCHS = "$(ARCHS_STANDARD_32_BIT)";
				"CODE_SIGN_IDENTITY[sdk=iphoneos*]" = "iPhone Developer";
				COPY_PHASE_STRIP = YES;
				GCC_C_LANGUAGE_STANDARD = gnu99;
				GCC_VERSION = com.apple.compilers.llvm.clang.1_0;
				GCC_WARN_ABOUT_MISSING_PROTOTYPES = YES;
				GCC_WARN_ABOUT_RETURN_TYPE = YES;
				GCC_WARN_UNUSED_VARIABLE = YES;
				IPHONEOS_DEPLOYMENT_TARGET = 5.0;
				OTHER_CFLAGS = "-DNS_BLOCK_ASSERTIONS=1";
				SDKROOT = iphoneos;
				TARGETED_DEVICE_FAMILY = 2;
				VALIDATE_PRODUCT = YES;
			};
			name = Release;
		};
		CE3EFE8C1444D70B00696C4D /* Debug */ = {
			isa = XCBuildConfiguration;
			buildSettings = {
				GCC_PRECOMPILE_PREFIX_HEADER = YES;
				GCC_PREFIX_HEADER = "StoryBlocks/StoryBlocks-Prefix.pch";
				HEADER_SEARCH_PATHS = AQGridView/Classes;
				INFOPLIST_FILE = "StoryBlocks/StoryBlocks-Info.plist";
				PRODUCT_NAME = "$(TARGET_NAME)";
				WRAPPER_EXTENSION = app;
			};
			name = Debug;
		};
		CE3EFE8D1444D70B00696C4D /* Release */ = {
			isa = XCBuildConfiguration;
			buildSettings = {
				GCC_PRECOMPILE_PREFIX_HEADER = YES;
				GCC_PREFIX_HEADER = "StoryBlocks/StoryBlocks-Prefix.pch";
				HEADER_SEARCH_PATHS = AQGridView/Classes;
				INFOPLIST_FILE = "StoryBlocks/StoryBlocks-Info.plist";
				PRODUCT_NAME = "$(TARGET_NAME)";
				WRAPPER_EXTENSION = app;
			};
			name = Release;
		};
		CE3EFE8F1444D70B00696C4D /* Debug */ = {
			isa = XCBuildConfiguration;
			buildSettings = {
				BUNDLE_LOADER = "$(BUILT_PRODUCTS_DIR)/StoryBlocks.app/StoryBlocks";
				FRAMEWORK_SEARCH_PATHS = (
					"$(SDKROOT)/Developer/Library/Frameworks",
					"$(DEVELOPER_LIBRARY_DIR)/Frameworks",
				);
				GCC_PRECOMPILE_PREFIX_HEADER = YES;
				GCC_PREFIX_HEADER = "StoryBlocks/StoryBlocks-Prefix.pch";
				INFOPLIST_FILE = "StoryBlocksTests/StoryBlocksTests-Info.plist";
				PRODUCT_NAME = "$(TARGET_NAME)";
				TEST_HOST = "$(BUNDLE_LOADER)";
				WRAPPER_EXTENSION = octest;
			};
			name = Debug;
		};
		CE3EFE901444D70B00696C4D /* Release */ = {
			isa = XCBuildConfiguration;
			buildSettings = {
				BUNDLE_LOADER = "$(BUILT_PRODUCTS_DIR)/StoryBlocks.app/StoryBlocks";
				FRAMEWORK_SEARCH_PATHS = (
					"$(SDKROOT)/Developer/Library/Frameworks",
					"$(DEVELOPER_LIBRARY_DIR)/Frameworks",
				);
				GCC_PRECOMPILE_PREFIX_HEADER = YES;
				GCC_PREFIX_HEADER = "StoryBlocks/StoryBlocks-Prefix.pch";
				INFOPLIST_FILE = "StoryBlocksTests/StoryBlocksTests-Info.plist";
				PRODUCT_NAME = "$(TARGET_NAME)";
				TEST_HOST = "$(BUNDLE_LOADER)";
				WRAPPER_EXTENSION = octest;
			};
			name = Release;
		};
/* End XCBuildConfiguration section */

/* Begin XCConfigurationList section */
		CE3EFE461444D70900696C4D /* Build configuration list for PBXProject "StoryBlocks" */ = {
			isa = XCConfigurationList;
			buildConfigurations = (
				CE3EFE891444D70B00696C4D /* Debug */,
				CE3EFE8A1444D70B00696C4D /* Release */,
			);
			defaultConfigurationIsVisible = 0;
			defaultConfigurationName = Release;
		};
		CE3EFE8B1444D70B00696C4D /* Build configuration list for PBXNativeTarget "StoryBlocks" */ = {
			isa = XCConfigurationList;
			buildConfigurations = (
				CE3EFE8C1444D70B00696C4D /* Debug */,
				CE3EFE8D1444D70B00696C4D /* Release */,
			);
			defaultConfigurationIsVisible = 0;
			defaultConfigurationName = Release;
		};
		CE3EFE8E1444D70B00696C4D /* Build configuration list for PBXNativeTarget "StoryBlocksTests" */ = {
			isa = XCConfigurationList;
			buildConfigurations = (
				CE3EFE8F1444D70B00696C4D /* Debug */,
				CE3EFE901444D70B00696C4D /* Release */,
			);
			defaultConfigurationIsVisible = 0;
			defaultConfigurationName = Release;
		};
/* End XCConfigurationList section */

/* Begin XCVersionGroup section */
		CE3EFE641444D70900696C4D /* StoryBlocks.xcdatamodeld */ = {
			isa = XCVersionGroup;
			children = (
				CE3EFE651444D70900696C4D /* StoryBlocks.xcdatamodel */,
			);
			currentVersion = CE3EFE651444D70900696C4D /* StoryBlocks.xcdatamodel */;
			path = StoryBlocks.xcdatamodeld;
			sourceTree = "<group>";
			versionGroupType = wrapper.xcdatamodel;
		};
/* End XCVersionGroup section */
	};
	rootObject = CE3EFE431444D70900696C4D /* Project object */;
}
